
Microsoft Visual Studio Solution File, Format Version 12.00
# Visual Studio Version 16
VisualStudioVersion = 16.0.30114.105
MinimumVisualStudioVersion = 10.0.40219.1
Project("{FAE04EC0-301F-11D3-BF4B-00C04F79EFBC}") = "SimulacionTarea1", "SimulacionTarea1\SimulacionTarea1.csproj", "{DC287A37-E0F2-4D3D-B4F8-BF027AA6C958}"
EndProject
Global
	GlobalSection(SolutionConfigurationPlatforms) = preSolution
		Debug|Any CPU = Debug|Any CPU
		Release|Any CPU = Release|Any CPU
	EndGlobalSection
	GlobalSection(ProjectConfigurationPlatforms) = postSolution
		{DC287A37-E0F2-4D3D-B4F8-BF027AA6C958}.Debug|Any CPU.ActiveCfg = Debug|Any CPU
		{DC287A37-E0F2-4D3D-B4F8-BF027AA6C958}.Debug|Any CPU.Build.0 = Debug|Any CPU
		{DC287A37-E0F2-4D3D-B4F8-BF027AA6C958}.Release|Any CPU.ActiveCfg = Release|Any CPU
		{DC287A37-E0F2-4D3D-B4F8-BF027AA6C958}.Release|Any CPU.Build.0 = Release|Any CPU
	EndGlobalSection
	GlobalSection(SolutionProperties) = preSolution
		HideSolutionNode = FALSE
	EndGlobalSection
	GlobalSection(ExtensibilityGlobals) = postSolution
		SolutionGuid = {1AEB5C06-49CD-4531-8A4C-887455E0A711}
	EndGlobalSection
EndGlobal
